PODS:
  - BeeHive (1.6.0)
  - SkinPeelerDemo (0.1.0)

DEPENDENCIES:
  - BeeHive
  - "SkinPeelerDemo (from `git@github.com:jimTest12345678/SkinPeelerDemoPublic.git`, tag `0.2.0`)"

SPEC REPOS:
  https://github.com/CocoaPods/Specs.git:
    - BeeHive

EXTERNAL SOURCES:
  SkinPeelerDemo:
    :git: "git@github.com:jimTest12345678/SkinPeelerDemoPublic.git"
    :tag: 0.2.0

CHECKOUT OPTIONS:
  SkinPeelerDemo:
    :git: "git@github.com:jimTest12345678/SkinPeelerDemoPublic.git"
    :tag: 0.2.0

SPEC CHECKSUMS:
  BeeHive: 64c01ddec33b9ef8813701e075eeb732327d0f75
  SkinPeelerDemo: eaf3308ce02954f375056a31cd8c16d4b486a3f6

PODFILE CHECKSUM: 5097e7779a5ebe074b1ea74c6b0dded980419460

COCOAPODS: 1.10.1
